
Microsoft Visual Studio Solution File, Format Version 12.00
# Visual Studio Version 17
VisualStudioVersion = 17.12.35707.178
MinimumVisualStudioVersion = 10.0.40219.1
Project("{FAE04EC0-301F-11D3-BF4B-00C04F79EFBC}") = "Task1", "Task1\Task1.csproj", "{40673602-9F51-423F-A4D1-BE81117CCB30}"
EndProject
Project("{FAE04EC0-301F-11D3-BF4B-00C04F79EFBC}") = "Task2", "Task2\Task2.csproj", "{A158A499-0E17-4039-9662-856DB9DBAED7}"
EndProject
Project("{FAE04EC0-301F-11D3-BF4B-00C04F79EFBC}") = "@Url.Action", "@Url.Action\@Url.Action.csproj", "{050DE24E-6802-44EC-B73A-6718C1B04025}"
EndProject
Global
	GlobalSection(SolutionConfigurationPlatforms) = preSolution
		Debug|Any CPU = Debug|Any CPU
		Release|Any CPU = Release|Any CPU
	EndGlobalSection
	GlobalSection(ProjectConfigurationPlatforms) = postSolution
		{40673602-9F51-423F-A4D1-BE81117CCB30}.Debug|Any CPU.ActiveCfg = Debug|Any CPU
		{40673602-9F51-423F-A4D1-BE81117CCB30}.Debug|Any CPU.Build.0 = Debug|Any CPU
		{40673602-9F51-423F-A4D1-BE81117CCB30}.Release|Any CPU.ActiveCfg = Release|Any CPU
		{40673602-9F51-423F-A4D1-BE81117CCB30}.Release|Any CPU.Build.0 = Release|Any CPU
		{A158A499-0E17-4039-9662-856DB9DBAED7}.Debug|Any CPU.ActiveCfg = Debug|Any CPU
		{A158A499-0E17-4039-9662-856DB9DBAED7}.Debug|Any CPU.Build.0 = Debug|Any CPU
		{A158A499-0E17-4039-9662-856DB9DBAED7}.Release|Any CPU.ActiveCfg = Release|Any CPU
		{A158A499-0E17-4039-9662-856DB9DBAED7}.Release|Any CPU.Build.0 = Release|Any CPU
		{050DE24E-6802-44EC-B73A-6718C1B04025}.Debug|Any CPU.ActiveCfg = Debug|Any CPU
		{050DE24E-6802-44EC-B73A-6718C1B04025}.Debug|Any CPU.Build.0 = Debug|Any CPU
		{050DE24E-6802-44EC-B73A-6718C1B04025}.Release|Any CPU.ActiveCfg = Release|Any CPU
		{050DE24E-6802-44EC-B73A-6718C1B04025}.Release|Any CPU.Build.0 = Release|Any CPU
	EndGlobalSection
	GlobalSection(SolutionProperties) = preSolution
		HideSolutionNode = FALSE
	EndGlobalSection
EndGlobal
